{
  "nodes": {
    "goatcounter-src": {
      "flake": false,
      "info": {
        "lastModified": 1588132874,
        "narHash": "sha256-xAvNbsysjzUphhB+i6QBgtWuvRrk9KXihAqavXQkMRg=",
        "revCount": 733
      },
      "locked": {
        "ref": "master",
        "rev": "57449f3ac591c1fa6acc83e1eedc4445b22a77ba",
        "type": "git",
        "url": "https://github.com/zgoat/goatcounter"
      },
      "original": {
        "type": "git",
        "url": "https://github.com/zgoat/goatcounter"
      }
    },
    "nixpkgs": {
      "info": {
        "lastModified": 1588027483,
        "narHash": "sha256-DcNFRegA72g1fmVWp+kFxxD4JuAwwM7XjYy0ebRa56U="
      },
      "locked": {
        "owner": "NixOS",
        "repo": "nixpkgs",
        "rev": "2faa76db27c4a8045d050d9b390dbb2249b0f3c0",
        "type": "github"
      },
      "original": {
        "id": "nixpkgs",
        "ref": "nixos-20.03",
        "type": "indirect"
      }
    },
    "root": {
      "inputs": {
        "goatcounter-src": "goatcounter-src",
        "nixpkgs": "nixpkgs"
      }
    }
  },
  "root": "root",
  "version": 5
}
